
Microsoft Visual Studio Solution File, Format Version 12.00
# Visual Studio 15
VisualStudioVersion = 15.0.27004.2009
MinimumVisualStudioVersion = 10.0.40219.1
Project("{FAE04EC0-301F-11D3-BF4B-00C04F79EFBC}") = "OIDC Library", "OIDC Library\OIDC Library.csproj", "{24FFAB26-93AF-4F48-851A-C257F8A10821}"
EndProject
Project("{FAE04EC0-301F-11D3-BF4B-00C04F79EFBC}") = "OIDC Library Tests", "OIDC Library Tests\OIDC Library Tests.csproj", "{DBC31AA4-D98C-4103-A983-AEF3DAF6C668}"
EndProject
Global
	GlobalSection(SolutionConfigurationPlatforms) = preSolution
		Debug|Any CPU = Debug|Any CPU
		Release|Any CPU = Release|Any CPU
	EndGlobalSection
	GlobalSection(ProjectConfigurationPlatforms) = postSolution
		{24FFAB26-93AF-4F48-851A-C257F8A10821}.Debug|Any CPU.ActiveCfg = Debug|Any CPU
		{24FFAB26-93AF-4F48-851A-C257F8A10821}.Debug|Any CPU.Build.0 = Debug|Any CPU
		{24FFAB26-93AF-4F48-851A-C257F8A10821}.Release|Any CPU.ActiveCfg = Release|Any CPU
		{24FFAB26-93AF-4F48-851A-C257F8A10821}.Release|Any CPU.Build.0 = Release|Any CPU
		{DBC31AA4-D98C-4103-A983-AEF3DAF6C668}.Debug|Any CPU.ActiveCfg = Debug|Any CPU
		{DBC31AA4-D98C-4103-A983-AEF3DAF6C668}.Debug|Any CPU.Build.0 = Debug|Any CPU
		{DBC31AA4-D98C-4103-A983-AEF3DAF6C668}.Release|Any CPU.ActiveCfg = Release|Any CPU
		{DBC31AA4-D98C-4103-A983-AEF3DAF6C668}.Release|Any CPU.Build.0 = Release|Any CPU
	EndGlobalSection
	GlobalSection(SolutionProperties) = preSolution
		HideSolutionNode = FALSE
	EndGlobalSection
	GlobalSection(ExtensibilityGlobals) = postSolution
		SolutionGuid = {5B2A53F4-368F-417C-8908-4FB5D98ADABC}
	EndGlobalSection
EndGlobal
